Microsoft Visual Studio Solution File, Format Version 12.00
Project("{FAE04EC0-301F-11D3-BF4B-00C04F79EFBC}") = "CardActionService", "src\CardActionService.csproj", "{0C00E36B-CC2D-477E-A002-9074E78B415A}"
EndProject
Project("{FAE04EC0-301F-11D3-BF4B-00C04F79EFBC}") = "CardActionServiceTests", "tests\CardActionServiceTests.csproj", "{069A9185-70E8-47C8-8E64-62B39A36F1B2}"
EndProject
Global
				GlobalSection(SolutionConfigurationPlatforms) = preSolution
								Debug|Any CPU = Debug|Any CPU
								Release|Any CPU = Release|Any CPU
				EndGlobalSection
				GlobalSection(ProjectConfigurationPlatforms) = postSolution
								{0C00E36B-CC2D-477E-A002-9074E78B415A}.Debug|Any CPU.ActiveCfg = Debug|Any CPU
								{0C00E36B-CC2D-477E-A002-9074E78B415A}.Debug|Any CPU.Build.0 = Debug|Any CPU
								{0C00E36B-CC2D-477E-A002-9074E78B415A}.Release|Any CPU.ActiveCfg = Release|Any CPU
								{0C00E36B-CC2D-477E-A002-9074E78B415A}.Release|Any CPU.Build.0 = Release|Any CPU
								{069A9185-70E8-47C8-8E64-62B39A36F1B2}.Debug|Any CPU.ActiveCfg = Debug|Any CPU
								{069A9185-70E8-47C8-8E64-62B39A36F1B2}.Debug|Any CPU.Build.0 = Debug|Any CPU
								{069A9185-70E8-47C8-8E64-62B39A36F1B2}.Release|Any CPU.ActiveCfg = Release|Any CPU
								{069A9185-70E8-47C8-8E64-62B39A36F1B2}.Release|Any CPU.Build.0 = Release|Any CPU
				EndGlobalSection
EndGlobal
